
Microsoft Visual Studio Solution File, Format Version 12.00
# Visual Studio Version 16
VisualStudioVersion = 16.0.29728.190
MinimumVisualStudioVersion = 10.0.40219.1
Project("{FAE04EC0-301F-11D3-BF4B-00C04F79EFBC}") = "console-worked-hours", "console-worked-hours.csproj", "{3B397C35-5471-4352-AA71-3214C99A471D}"
EndProject
Global
	GlobalSection(SolutionConfigurationPlatforms) = preSolution
		Debug|Any CPU = Debug|Any CPU
		Release|Any CPU = Release|Any CPU
	EndGlobalSection
	GlobalSection(ProjectConfigurationPlatforms) = postSolution
		{3B397C35-5471-4352-AA71-3214C99A471D}.Debug|Any CPU.ActiveCfg = Debug|Any CPU
		{3B397C35-5471-4352-AA71-3214C99A471D}.Debug|Any CPU.Build.0 = Debug|Any CPU
		{3B397C35-5471-4352-AA71-3214C99A471D}.Release|Any CPU.ActiveCfg = Release|Any CPU
		{3B397C35-5471-4352-AA71-3214C99A471D}.Release|Any CPU.Build.0 = Release|Any CPU
	EndGlobalSection
	GlobalSection(SolutionProperties) = preSolution
		HideSolutionNode = FALSE
	EndGlobalSection
	GlobalSection(ExtensibilityGlobals) = postSolution
		SolutionGuid = {06A02E37-F9BD-4E80-8F2B-F995E8A5CFA6}
	EndGlobalSection
EndGlobal
